
Microsoft Visual Studio Solution File, Format Version 12.00
# Visual Studio Version 17
VisualStudioVersion = 17.4.33213.308
MinimumVisualStudioVersion = 10.0.40219.1
Project("{FAE04EC0-301F-11D3-BF4B-00C04F79EFBC}") = "Week15OOPAndFiles", "Week15OOPAndFiles\Week15OOPAndFiles.csproj", "{A98F0079-13C5-4B30-90DD-AF06DC0A4E62}"
EndProject
Global
	GlobalSection(SolutionConfigurationPlatforms) = preSolution
		Debug|Any CPU = Debug|Any CPU
		Release|Any CPU = Release|Any CPU
	EndGlobalSection
	GlobalSection(ProjectConfigurationPlatforms) = postSolution
		{A98F0079-13C5-4B30-90DD-AF06DC0A4E62}.Debug|Any CPU.ActiveCfg = Debug|Any CPU
		{A98F0079-13C5-4B30-90DD-AF06DC0A4E62}.Debug|Any CPU.Build.0 = Debug|Any CPU
		{A98F0079-13C5-4B30-90DD-AF06DC0A4E62}.Release|Any CPU.ActiveCfg = Release|Any CPU
		{A98F0079-13C5-4B30-90DD-AF06DC0A4E62}.Release|Any CPU.Build.0 = Release|Any CPU
	EndGlobalSection
	GlobalSection(SolutionProperties) = preSolution
		HideSolutionNode = FALSE
	EndGlobalSection
	GlobalSection(ExtensibilityGlobals) = postSolution
		SolutionGuid = {7F1A287F-80DE-4E43-99C0-81684770F272}
	EndGlobalSection
EndGlobal
